
Microsoft Visual Studio Solution File, Format Version 12.00
# Visual Studio Express 15 for Windows Desktop
VisualStudioVersion = 15.0.28307.1622
MinimumVisualStudioVersion = 10.0.40219.1
Project("{8BC9CEB8-8B4A-11D0-8D11-00A0C91BC942}") = "FarwebCPP", "FarwebCPP\FarwebCPP.vcxproj", "{AA1317B6-E94E-4185-8B14-1558F76E11DE}"
EndProject
Global
	GlobalSection(SolutionConfigurationPlatforms) = preSolution
		Debug|x64 = Debug|x64
		Debug|x86 = Debug|x86
		Release|x64 = Release|x64
		Release|x86 = Release|x86
	EndGlobalSection
	GlobalSection(ProjectConfigurationPlatforms) = postSolution
		{AA1317B6-E94E-4185-8B14-1558F76E11DE}.Debug|x64.ActiveCfg = Debug|x64
		{AA1317B6-E94E-4185-8B14-1558F76E11DE}.Debug|x64.Build.0 = Debug|x64
		{AA1317B6-E94E-4185-8B14-1558F76E11DE}.Debug|x86.ActiveCfg = Debug|Win32
		{AA1317B6-E94E-4185-8B14-1558F76E11DE}.Debug|x86.Build.0 = Debug|Win32
		{AA1317B6-E94E-4185-8B14-1558F76E11DE}.Release|x64.ActiveCfg = Release|x64
		{AA1317B6-E94E-4185-8B14-1558F76E11DE}.Release|x64.Build.0 = Release|x64
		{AA1317B6-E94E-4185-8B14-1558F76E11DE}.Release|x86.ActiveCfg = Release|Win32
		{AA1317B6-E94E-4185-8B14-1558F76E11DE}.Release|x86.Build.0 = Release|Win32
	EndGlobalSection
	GlobalSection(SolutionProperties) = preSolution
		HideSolutionNode = FALSE
	EndGlobalSection
	GlobalSection(ExtensibilityGlobals) = postSolution
		SolutionGuid = {075D0FFB-E4FD-4614-831B-D7A08B231D66}
	EndGlobalSection
EndGlobal
